// !$*UTF8*$!
{
	archiveVersion = 1;
	classes = {
	};
	objectVersion = 50;
	objects = {

/* Begin PBXBuildFile section */
		F43D921422AE4A550086F718 /* AppDelegate.swift in Sources */ = {isa = PBXBuildFile; fileRef = F43D921322AE4A550086F718 /* AppDelegate.swift */; };
		F43D921622AE4A550086F718 /* SceneDelegate.swift in Sources */ = {isa = PBXBuildFile; fileRef = F43D921522AE4A550086F718 /* SceneDelegate.swift */; };
		F43D921822AE4A550086F718 /* ContentView.swift in Sources */ = {isa = PBXBuildFile; fileRef = F43D921722AE4A550086F718 /* ContentView.swift */; };
		F43D921A22AE4A560086F718 /* Assets.xcassets in Resources */ = {isa = PBXBuildFile; fileRef = F43D921922AE4A560086F718 /* Assets.xcassets */; };
		F43D921D22AE4A560086F718 /* Preview Assets.xcassets in Resources */ = {isa = PBXBuildFile; fileRef = F43D921C22AE4A560086F718 /* Preview Assets.xcassets */; };
		F43D922022AE4A560086F718 /* LaunchScreen.storyboard in Resources */ = {isa = PBXBuildFile; fileRef = F43D921E22AE4A560086F718 /* LaunchScreen.storyboard */; };
		F4796D9622AE72AD0025DE48 /* CommentView.swift in Sources */ = {isa = PBXBuildFile; fileRef = F4796D9522AE72AD0025DE48 /* CommentView.swift */; };
		F4796D9822AE766C0025DE48 /* Cell.swift in Sources */ = {isa = PBXBuildFile; fileRef = F4796D9722AE766C0025DE48 /* Cell.swift */; };
		F4796D9D22AE78BB0025DE48 /* userModelData.json in Resources */ = {isa = PBXBuildFile; fileRef = F4796D9C22AE78BB0025DE48 /* userModelData.json */; };
		F4796DA222AE7ADE0025DE48 /* Data.swift in Sources */ = {isa = PBXBuildFile; fileRef = F4796DA022AE7ADE0025DE48 /* Data.swift */; };
		F4796DA322AE7ADE0025DE48 /* UserResponse.swift in Sources */ = {isa = PBXBuildFile; fileRef = F4796DA122AE7ADE0025DE48 /* UserResponse.swift */; };
		F479C27C22AE84C70093509E /* ContentView2.swift in Sources */ = {isa = PBXBuildFile; fileRef = F479C27B22AE84C70093509E /* ContentView2.swift */; };
/* End PBXBuildFile section */

/* Begin PBXFileReference section */
		F43D921022AE4A550086F718 /* test.app */ = {isa = PBXFileReference; explicitFileType = wrapper.application; includeInIndex = 0; path = test.app; sourceTree = BUILT_PRODUCTS_DIR; };
		F43D921322AE4A550086F718 /* AppDelegate.swift */ = {isa = PBXFileReference; lastKnownFileType = sourcecode.swift; path = AppDelegate.swift; sourceTree = "<group>"; };
		F43D921522AE4A550086F718 /* SceneDelegate.swift */ = {isa = PBXFileReference; lastKnownFileType = sourcecode.swift; path = SceneDelegate.swift; sourceTree = "<group>"; };
		F43D921722AE4A550086F718 /* ContentView.swift */ = {isa = PBXFileReference; lastKnownFileType = sourcecode.swift; path = ContentView.swift; sourceTree = "<group>"; };
		F43D921922AE4A560086F718 /* Assets.xcassets */ = {isa = PBXFileReference; lastKnownFileType = folder.assetcatalog; path = Assets.xcassets; sourceTree = "<group>"; };
		F43D921C22AE4A560086F718 /* Preview Assets.xcassets */ = {isa = PBXFileReference; lastKnownFileType = folder.assetcatalog; path = "Preview Assets.xcassets"; sourceTree = "<group>"; };
		F43D921F22AE4A560086F718 /* Base */ = {isa = PBXFileReference; lastKnownFileType = file.storyboard; name = Base; path = Base.lproj/LaunchScreen.storyboard; sourceTree = "<group>"; };
		F43D922122AE4A560086F718 /* Info.plist */ = {isa = PBXFileReference; lastKnownFileType = text.plist.xml; path = Info.plist; sourceTree = "<group>"; };
		F4796D9522AE72AD0025DE48 /* CommentView.swift */ = {isa = PBXFileReference; lastKnownFileType = sourcecode.swift; path = CommentView.swift; sourceTree = "<group>"; };
		F4796D9722AE766C0025DE48 /* Cell.swift */ = {isa = PBXFileReference; lastKnownFileType = sourcecode.swift; path = Cell.swift; sourceTree = "<group>"; };
		F4796D9C22AE78BB0025DE48 /* userModelData.json */ = {isa = PBXFileReference; fileEncoding = 4; lastKnownFileType = text.json; path = userModelData.json; sourceTree = "<group>"; };
		F4796DA022AE7ADE0025DE48 /* Data.swift */ = {isa = PBXFileReference; fileEncoding = 4; lastKnownFileType = sourcecode.swift; path = Data.swift; sourceTree = "<group>"; };
		F4796DA122AE7ADE0025DE48 /* UserResponse.swift */ = {isa = PBXFileReference; fileEncoding = 4; lastKnownFileType = sourcecode.swift; path = UserResponse.swift; sourceTree = "<group>"; };
		F479C27B22AE84C70093509E /* ContentView2.swift */ = {isa = PBXFileReference; lastKnownFileType = sourcecode.swift; path = ContentView2.swift; sourceTree = "<group>"; };
/* End PBXFileReference section */

/* Begin PBXFrameworksBuildPhase section */
		F43D920D22AE4A550086F718 /* Frameworks */ = {
			isa = PBXFrameworksBuildPhase;
			buildActionMask = 2147483647;
			files = (
			);
			runOnlyForDeploymentPostprocessing = 0;
		};
/* End PBXFrameworksBuildPhase section */

/* Begin PBXGroup section */
		F43D920722AE4A550086F718 = {
			isa = PBXGroup;
			children = (
				F43D921222AE4A550086F718 /* test */,
				F43D921122AE4A550086F718 /* Products */,
			);
			sourceTree = "<group>";
		};
		F43D921122AE4A550086F718 /* Products */ = {
			isa = PBXGroup;
			children = (
				F43D921022AE4A550086F718 /* test.app */,
			);
			name = Products;
			sourceTree = "<group>";
		};
		F43D921222AE4A550086F718 /* test */ = {
			isa = PBXGroup;
			children = (
				F479C27A22AE84A70093509E /* Карусельки */,
				F479C27922AE84830093509E /* Комментарии  */,
				F4796D9922AE781C0025DE48 /* Data */,
				F43D921322AE4A550086F718 /* AppDelegate.swift */,
				F43D921522AE4A550086F718 /* SceneDelegate.swift */,
				F43D921922AE4A560086F718 /* Assets.xcassets */,
				F43D921E22AE4A560086F718 /* LaunchScreen.storyboard */,
				F43D922122AE4A560086F718 /* Info.plist */,
				F43D921B22AE4A560086F718 /* Preview Content */,
			);
			path = test;
			sourceTree = "<group>";
		};
		F43D921B22AE4A560086F718 /* Preview Content */ = {
			isa = PBXGroup;
			children = (
				F43D921C22AE4A560086F718 /* Preview Assets.xcassets */,
			);
			path = "Preview Content";
			sourceTree = "<group>";
		};
		F4796D9922AE781C0025DE48 /* Data */ = {
			isa = PBXGroup;
			children = (
				F4796DA022AE7ADE0025DE48 /* Data.swift */,
				F4796DA122AE7ADE0025DE48 /* UserResponse.swift */,
				F4796D9C22AE78BB0025DE48 /* userModelData.json */,
			);
			path = Data;
			sourceTree = "<group>";
		};
		F479C27922AE84830093509E /* Комментарии  */ = {
			isa = PBXGroup;
			children = (
				F43D921722AE4A550086F718 /* ContentView.swift */,
				F4796D9522AE72AD0025DE48 /* CommentView.swift */,
				F4796D9722AE766C0025DE48 /* Cell.swift */,
			);
			path = "Комментарии ";
			sourceTree = "<group>";
		};
		F479C27A22AE84A70093509E /* Карусельки */ = {
			isa = PBXGroup;
			children = (
				F479C27B22AE84C70093509E /* ContentView2.swift */,
			);
			name = "Карусельки";
			path = "New Group";
			sourceTree = "<group>";
		};
/* End PBXGroup section */

/* Begin PBXNativeTarget section */
		F43D920F22AE4A550086F718 /* test */ = {
			isa = PBXNativeTarget;
			buildConfigurationList = F43D922422AE4A560086F718 /* Build configuration list for PBXNativeTarget "test" */;
			buildPhases = (
				F43D920C22AE4A550086F718 /* Sources */,
				F43D920D22AE4A550086F718 /* Frameworks */,
				F43D920E22AE4A550086F718 /* Resources */,
			);
			buildRules = (
			);
			dependencies = (
			);
			name = test;
			productName = test;
			productReference = F43D921022AE4A550086F718 /* test.app */;
			productType = "com.apple.product-type.application";
		};
/* End PBXNativeTarget section */

/* Begin PBXProject section */
		F43D920822AE4A550086F718 /* Project object */ = {
			isa = PBXProject;
			attributes = {
				LastSwiftUpdateCheck = 1100;
				LastUpgradeCheck = 1100;
				ORGANIZATIONNAME = "Valerii Melnykov";
				TargetAttributes = {
					F43D920F22AE4A550086F718 = {
						CreatedOnToolsVersion = 11.0;
					};
				};
			};
			buildConfigurationList = F43D920B22AE4A550086F718 /* Build configuration list for PBXProject "test" */;
			compatibilityVersion = "Xcode 9.3";
			developmentRegion = en;
			hasScannedForEncodings = 0;
			knownRegions = (
				en,
				Base,
			);
			mainGroup = F43D920722AE4A550086F718;
			productRefGroup = F43D921122AE4A550086F718 /* Products */;
			projectDirPath = "";
			projectRoot = "";
			targets = (
				F43D920F22AE4A550086F718 /* test */,
			);
		};
/* End PBXProject section */

/* Begin PBXResourcesBuildPhase section */
		F43D920E22AE4A550086F718 /* Resources */ = {
			isa = PBXResourcesBuildPhase;
			buildActionMask = 2147483647;
			files = (
				F4796D9D22AE78BB0025DE48 /* userModelData.json in Resources */,
				F43D922022AE4A560086F718 /* LaunchScreen.storyboard in Resources */,
				F43D921D22AE4A560086F718 /* Preview Assets.xcassets in Resources */,
				F43D921A22AE4A560086F718 /* Assets.xcassets in Resources */,
			);
			runOnlyForDeploymentPostprocessing = 0;
		};
/* End PBXResourcesBuildPhase section */

/* Begin PBXSourcesBuildPhase section */
		F43D920C22AE4A550086F718 /* Sources */ = {
			isa = PBXSourcesBuildPhase;
			buildActionMask = 2147483647;
			files = (
				F43D921422AE4A550086F718 /* AppDelegate.swift in Sources */,
				F4796DA222AE7ADE0025DE48 /* Data.swift in Sources */,
				F43D921622AE4A550086F718 /* SceneDelegate.swift in Sources */,
				F4796D9822AE766C0025DE48 /* Cell.swift in Sources */,
				F4796DA322AE7ADE0025DE48 /* UserResponse.swift in Sources */,
				F479C27C22AE84C70093509E /* ContentView2.swift in Sources */,
				F4796D9622AE72AD0025DE48 /* CommentView.swift in Sources */,
				F43D921822AE4A550086F718 /* ContentView.swift in Sources */,
			);
			runOnlyForDeploymentPostprocessing = 0;
		};
/* End PBXSourcesBuildPhase section */

/* Begin PBXVariantGroup section */
		F43D921E22AE4A560086F718 /* LaunchScreen.storyboard */ = {
			isa = PBXVariantGroup;
			children = (
				F43D921F22AE4A560086F718 /* Base */,
			);
			name = LaunchScreen.storyboard;
			sourceTree = "<group>";
		};
/* End PBXVariantGroup section */

/* Begin XCBuildConfiguration section */
		F43D922222AE4A560086F718 /* Debug */ = {
			isa = XCBuildConfiguration;
			buildSettings = {
				ALWAYS_SEARCH_USER_PATHS = NO;
				CLANG_ANALYZER_NONNULL = YES;
				CLANG_ANALYZER_NUMBER_OBJECT_CONVERSION = YES_AGGRESSIVE;
				CLANG_CXX_LANGUAGE_STANDARD = "gnu++14";
				CLANG_CXX_LIBRARY = "libc++";
				CLANG_ENABLE_MODULES = YES;
				CLANG_ENABLE_OBJC_ARC = YES;
				CLANG_ENABLE_OBJC_WEAK = YES;
				CLANG_WARN_BLOCK_CAPTURE_AUTORELEASING = YES;
				CLANG_WARN_BOOL_CONVERSION = YES;
				CLANG_WARN_COMMA = YES;
				CLANG_WARN_CONSTANT_CONVERSION = YES;
				CLANG_WARN_DEPRECATED_OBJC_IMPLEMENTATIONS = YES;
				CLANG_WARN_DIRECT_OBJC_ISA_USAGE = YES_ERROR;
				CLANG_WARN_DOCUMENTATION_COMMENTS = YES;
				CLANG_WARN_EMPTY_BODY = YES;
				CLANG_WARN_ENUM_CONVERSION = YES;
				CLANG_WARN_INFINITE_RECURSION = YES;
				CLANG_WARN_INT_CONVERSION = YES;
				CLANG_WARN_NON_LITERAL_NULL_CONVERSION = YES;
				CLANG_WARN_OBJC_IMPLICIT_RETAIN_SELF = YES;
				CLANG_WARN_OBJC_LITERAL_CONVERSION = YES;
				CLANG_WARN_OBJC_ROOT_CLASS = YES_ERROR;
				CLANG_WARN_RANGE_LOOP_ANALYSIS = YES;
				CLANG_WARN_STRICT_PROTOTYPES = YES;
				CLANG_WARN_SUSPICIOUS_MOVE = YES;
				CLANG_WARN_UNGUARDED_AVAILABILITY = YES_AGGRESSIVE;
				CLANG_WARN_UNREACHABLE_CODE = YES;
				CLANG_WARN__DUPLICATE_METHOD_MATCH = YES;
				COPY_PHASE_STRIP = NO;
				DEBUG_INFORMATION_FORMAT = dwarf;
				ENABLE_STRICT_OBJC_MSGSEND = YES;
				ENABLE_TESTABILITY = YES;
				GCC_C_LANGUAGE_STANDARD = gnu11;
				GCC_DYNAMIC_NO_PIC = NO;
				GCC_NO_COMMON_BLOCKS = YES;
				GCC_OPTIMIZATION_LEVEL = 0;
				GCC_PREPROCESSOR_DEFINITIONS = (
					"DEBUG=1",
					"$(inherited)",
				);
				GCC_WARN_64_TO_32_BIT_CONVERSION = YES;
				GCC_WARN_ABOUT_RETURN_TYPE = YES_ERROR;
				GCC_WARN_UNDECLARED_SELECTOR = YES;
				GCC_WARN_UNINITIALIZED_AUTOS = YES_AGGRESSIVE;
				GCC_WARN_UNUSED_FUNCTION = YES;
				GCC_WARN_UNUSED_VARIABLE = YES;
				IPHONEOS_DEPLOYMENT_TARGET = 13.0;
				MTL_ENABLE_DEBUG_INFO = INCLUDE_SOURCE;
				MTL_FAST_MATH = YES;
				ONLY_ACTIVE_ARCH = YES;
				SDKROOT = iphoneos;
				SWIFT_ACTIVE_COMPILATION_CONDITIONS = DEBUG;
				SWIFT_OPTIMIZATION_LEVEL = "-Onone";
			};
			name = Debug;
		};
		F43D922322AE4A560086F718 /* Release */ = {
			isa = XCBuildConfiguration;
			buildSettings = {
				ALWAYS_SEARCH_USER_PATHS = NO;
				CLANG_ANALYZER_NONNULL = YES;
				CLANG_ANALYZER_NUMBER_OBJECT_CONVERSION = YES_AGGRESSIVE;
				CLANG_CXX_LANGUAGE_STANDARD = "gnu++14";
				CLANG_CXX_LIBRARY = "libc++";
				CLANG_ENABLE_MODULES = YES;
				CLANG_ENABLE_OBJC_ARC = YES;
				CLANG_ENABLE_OBJC_WEAK = YES;
				CLANG_WARN_BLOCK_CAPTURE_AUTORELEASING = YES;
				CLANG_WARN_BOOL_CONVERSION = YES;
				CLANG_WARN_COMMA = YES;
				CLANG_WARN_CONSTANT_CONVERSION = YES;
				CLANG_WARN_DEPRECATED_OBJC_IMPLEMENTATIONS = YES;
				CLANG_WARN_DIRECT_OBJC_ISA_USAGE = YES_ERROR;
				CLANG_WARN_DOCUMENTATION_COMMENTS = YES;
				CLANG_WARN_EMPTY_BODY = YES;
				CLANG_WARN_ENUM_CONVERSION = YES;
				CLANG_WARN_INFINITE_RECURSION = YES;
				CLANG_WARN_INT_CONVERSION = YES;
				CLANG_WARN_NON_LITERAL_NULL_CONVERSION = YES;
				CLANG_WARN_OBJC_IMPLICIT_RETAIN_SELF = YES;
				CLANG_WARN_OBJC_LITERAL_CONVERSION = YES;
				CLANG_WARN_OBJC_ROOT_CLASS = YES_ERROR;
				CLANG_WARN_RANGE_LOOP_ANALYSIS = YES;
				CLANG_WARN_STRICT_PROTOTYPES = YES;
				CLANG_WARN_SUSPICIOUS_MOVE = YES;
				CLANG_WARN_UNGUARDED_AVAILABILITY = YES_AGGRESSIVE;
				CLANG_WARN_UNREACHABLE_CODE = YES;
				CLANG_WARN__DUPLICATE_METHOD_MATCH = YES;
				COPY_PHASE_STRIP = NO;
				DEBUG_INFORMATION_FORMAT = "dwarf-with-dsym";
				ENABLE_NS_ASSERTIONS = NO;
				ENABLE_STRICT_OBJC_MSGSEND = YES;
				GCC_C_LANGUAGE_STANDARD = gnu11;
				GCC_NO_COMMON_BLOCKS = YES;
				GCC_WARN_64_TO_32_BIT_CONVERSION = YES;
				GCC_WARN_ABOUT_RETURN_TYPE = YES_ERROR;
				GCC_WARN_UNDECLARED_SELECTOR = YES;
				GCC_WARN_UNINITIALIZED_AUTOS = YES_AGGRESSIVE;
				GCC_WARN_UNUSED_FUNCTION = YES;
				GCC_WARN_UNUSED_VARIABLE = YES;
				IPHONEOS_DEPLOYMENT_TARGET = 13.0;
				MTL_ENABLE_DEBUG_INFO = NO;
				MTL_FAST_MATH = YES;
				SDKROOT = iphoneos;
				SWIFT_COMPILATION_MODE = wholemodule;
				SWIFT_OPTIMIZATION_LEVEL = "-O";
				VALIDATE_PRODUCT = YES;
			};
			name = Release;
		};
		F43D922522AE4A560086F718 /* Debug */ = {
			isa = XCBuildConfiguration;
			buildSettings = {
				ASSETCATALOG_COMPILER_APPICON_NAME = AppIcon;
				CODE_SIGN_STYLE = Automatic;
				DEVELOPMENT_ASSET_PATHS = "test/Preview\\ Content";
				DEVELOPMENT_TEAM = VRTL65JL49;
				ENABLE_PREVIEWS = YES;
				INFOPLIST_FILE = test/Info.plist;
				LD_RUNPATH_SEARCH_PATHS = (
					"$(inherited)",
					"@executable_path/Frameworks",
				);
				PRODUCT_BUNDLE_IDENTIFIER = "Melnykov.Valerii-DeveloperStudio.test";
				PRODUCT_NAME = "$(TARGET_NAME)";
				SWIFT_VERSION = 5.0;
				TARGETED_DEVICE_FAMILY = "1,2";
			};
			name = Debug;
		};
		F43D922622AE4A560086F718 /* Release */ = {
			isa = XCBuildConfiguration;
			buildSettings = {
				ASSETCATALOG_COMPILER_APPICON_NAME = AppIcon;
				CODE_SIGN_STYLE = Automatic;
				DEVELOPMENT_ASSET_PATHS = "test/Preview\\ Content";
				DEVELOPMENT_TEAM = VRTL65JL49;
				ENABLE_PREVIEWS = YES;
				INFOPLIST_FILE = test/Info.plist;
				LD_RUNPATH_SEARCH_PATHS = (
					"$(inherited)",
					"@executable_path/Frameworks",
				);
				PRODUCT_BUNDLE_IDENTIFIER = "Melnykov.Valerii-DeveloperStudio.test";
				PRODUCT_NAME = "$(TARGET_NAME)";
				SWIFT_VERSION = 5.0;
				TARGETED_DEVICE_FAMILY = "1,2";
			};
			name = Release;
		};
/* End XCBuildConfiguration section */

/* Begin XCConfigurationList section */
		F43D920B22AE4A550086F718 /* Build configuration list for PBXProject "test" */ = {
			isa = XCConfigurationList;
			buildConfigurations = (
				F43D922222AE4A560086F718 /* Debug */,
				F43D922322AE4A560086F718 /* Release */,
			);
			defaultConfigurationIsVisible = 0;
			defaultConfigurationName = Release;
		};
		F43D922422AE4A560086F718 /* Build configuration list for PBXNativeTarget "test" */ = {
			isa = XCConfigurationList;
			buildConfigurations = (
				F43D922522AE4A560086F718 /* Debug */,
				F43D922622AE4A560086F718 /* Release */,
			);
			defaultConfigurationIsVisible = 0;
			defaultConfigurationName = Release;
		};
/* End XCConfigurationList section */
	};
	rootObject = F43D920822AE4A550086F718 /* Project object */;
}
